
Microsoft Visual Studio Solution File, Format Version 12.00
# Visual Studio Version 17
VisualStudioVersion = 17.14.36623.8 d17.14
MinimumVisualStudioVersion = 10.0.40219.1
Project("{FAE04EC0-301F-11D3-BF4B-00C04F79EFBC}") = "MyGame002", "MyGame002\MyGame002.csproj", "{7C679661-5BBD-47CF-A531-2921E8DD6531}"
EndProject
Global
	GlobalSection(SolutionConfigurationPlatforms) = preSolution
		Debug|Any CPU = Debug|Any CPU
		Release|Any CPU = Release|Any CPU
	EndGlobalSection
	GlobalSection(ProjectConfigurationPlatforms) = postSolution
		{7C679661-5BBD-47CF-A531-2921E8DD6531}.Debug|Any CPU.ActiveCfg = Debug|Any CPU
		{7C679661-5BBD-47CF-A531-2921E8DD6531}.Debug|Any CPU.Build.0 = Debug|Any CPU
		{7C679661-5BBD-47CF-A531-2921E8DD6531}.Release|Any CPU.ActiveCfg = Release|Any CPU
		{7C679661-5BBD-47CF-A531-2921E8DD6531}.Release|Any CPU.Build.0 = Release|Any CPU
	EndGlobalSection
	GlobalSection(SolutionProperties) = preSolution
		HideSolutionNode = FALSE
	EndGlobalSection
	GlobalSection(ExtensibilityGlobals) = postSolution
		SolutionGuid = {32689B1B-37BC-4EBB-AA42-C11C378C1336}
	EndGlobalSection
EndGlobal
